
Microsoft Visual Studio Solution File, Format Version 12.00
# Visual Studio Version 16
VisualStudioVersion = 16.0.30711.63
MinimumVisualStudioVersion = 10.0.40219.1
Project("{FAE04EC0-301F-11D3-BF4B-00C04F79EFBC}") = "NetworkMonitor", "NetworkMonitor\NetworkMonitor.csproj", "{31BCA599-F834-4CC2-B098-446E2521CC1D}"
EndProject
Global
	GlobalSection(SolutionConfigurationPlatforms) = preSolution
		Debug|Any CPU = Debug|Any CPU
		Release|Any CPU = Release|Any CPU
	EndGlobalSection
	GlobalSection(ProjectConfigurationPlatforms) = postSolution
		{31BCA599-F834-4CC2-B098-446E2521CC1D}.Debug|Any CPU.ActiveCfg = Debug|Any CPU
		{31BCA599-F834-4CC2-B098-446E2521CC1D}.Debug|Any CPU.Build.0 = Debug|Any CPU
		{31BCA599-F834-4CC2-B098-446E2521CC1D}.Release|Any CPU.ActiveCfg = Release|Any CPU
		{31BCA599-F834-4CC2-B098-446E2521CC1D}.Release|Any CPU.Build.0 = Release|Any CPU
	EndGlobalSection
	GlobalSection(SolutionProperties) = preSolution
		HideSolutionNode = FALSE
	EndGlobalSection
	GlobalSection(ExtensibilityGlobals) = postSolution
		SolutionGuid = {1F1FD6D6-CA67-4097-B9C3-AB12236CB6A1}
	EndGlobalSection
EndGlobal
